
Microsoft Visual Studio Solution File, Format Version 12.00
# Visual Studio Version 17
VisualStudioVersion = 17.4.33205.214
MinimumVisualStudioVersion = 10.0.40219.1
Project("{9A19103F-16F7-4668-BE54-9A1E7A4F7556}") = "ApiAlarm", "ApiAlarm\ApiAlarm.csproj", "{F476616D-C645-4E1B-82E9-3A3B820C2932}"
EndProject
Project("{9A19103F-16F7-4668-BE54-9A1E7A4F7556}") = "Core", "Core\Core.csproj", "{0B493D42-003A-41AB-92F5-88A99860F306}"
EndProject
Project("{9A19103F-16F7-4668-BE54-9A1E7A4F7556}") = "ApiServerReceive", "ApiServerReceive\ApiServerReceive.csproj", "{4C29DBB6-3F75-403B-9AFA-F7DE73B6CD86}"
EndProject
Project("{9A19103F-16F7-4668-BE54-9A1E7A4F7556}") = "ApiADS", "ApiADS\ApiADS.csproj", "{A513115D-DF69-4F0E-9748-6F17DC6D4D4E}"
EndProject
Project("{9A19103F-16F7-4668-BE54-9A1E7A4F7556}") = "ApiCamera", "ApiCamera\ApiCamera.csproj", "{8572CF1E-CAAF-4137-9C76-9C659263DB33}"
EndProject
Project("{9A19103F-16F7-4668-BE54-9A1E7A4F7556}") = "ApiUser", "ApiUser\ApiUser.csproj", "{78A7C96B-5445-4DC0-B1E1-10634C272F86}"
EndProject
Project("{9A19103F-16F7-4668-BE54-9A1E7A4F7556}") = "ApiIOT", "ApiIOT\ApiIOT.csproj", "{38CB2E38-E242-4D1D-BD81-671AE542BE29}"
EndProject
Project("{9A19103F-16F7-4668-BE54-9A1E7A4F7556}") = "ApiStationCycle", "ApiStationCycle\ApiStationCycle.csproj", "{5899B35D-A6E8-4D3E-BAEC-DB0C87C0A48F}"
EndProject
Project("{9A19103F-16F7-4668-BE54-9A1E7A4F7556}") = "ApiMonitor", "ApiMonitor\ApiMonitor.csproj", "{F277058E-6DA1-435D-8339-42C9805E6275}"
EndProject
Project("{9A19103F-16F7-4668-BE54-9A1E7A4F7556}") = "Sign", "Sign\Sign.csproj", "{FE01A495-18FA-4A11-B61A-98E08B775F58}"
EndProject
Project("{9A19103F-16F7-4668-BE54-9A1E7A4F7556}") = "Match", "Match\Match.csproj", "{338BC06B-8212-4185-8A6E-366B535BD395}"
EndProject
Project("{9A19103F-16F7-4668-BE54-9A1E7A4F7556}") = "ApiKPI", "ApiKPI\ApiKPI.csproj", "{8F71C1ED-3E14-4093-AE36-B35E52E46CE4}"
EndProject
Global
	GlobalSection(SolutionConfigurationPlatforms) = preSolution
		Debug|Any CPU = Debug|Any CPU
		Debug|x64 = Debug|x64
		Release|Any CPU = Release|Any CPU
		Release|x64 = Release|x64
	EndGlobalSection
	GlobalSection(ProjectConfigurationPlatforms) = postSolution
		{F476616D-C645-4E1B-82E9-3A3B820C2932}.Debug|Any CPU.ActiveCfg = Debug|Any CPU
		{F476616D-C645-4E1B-82E9-3A3B820C2932}.Debug|Any CPU.Build.0 = Debug|Any CPU
		{F476616D-C645-4E1B-82E9-3A3B820C2932}.Debug|x64.ActiveCfg = Debug|Any CPU
		{F476616D-C645-4E1B-82E9-3A3B820C2932}.Debug|x64.Build.0 = Debug|Any CPU
		{F476616D-C645-4E1B-82E9-3A3B820C2932}.Release|Any CPU.ActiveCfg = Release|Any CPU
		{F476616D-C645-4E1B-82E9-3A3B820C2932}.Release|Any CPU.Build.0 = Release|Any CPU
		{F476616D-C645-4E1B-82E9-3A3B820C2932}.Release|x64.ActiveCfg = Release|Any CPU
		{F476616D-C645-4E1B-82E9-3A3B820C2932}.Release|x64.Build.0 = Release|Any CPU
		{0B493D42-003A-41AB-92F5-88A99860F306}.Debug|Any CPU.ActiveCfg = Debug|Any CPU
		{0B493D42-003A-41AB-92F5-88A99860F306}.Debug|Any CPU.Build.0 = Debug|Any CPU
		{0B493D42-003A-41AB-92F5-88A99860F306}.Debug|x64.ActiveCfg = Debug|Any CPU
		{0B493D42-003A-41AB-92F5-88A99860F306}.Debug|x64.Build.0 = Debug|Any CPU
		{0B493D42-003A-41AB-92F5-88A99860F306}.Release|Any CPU.ActiveCfg = Release|Any CPU
		{0B493D42-003A-41AB-92F5-88A99860F306}.Release|Any CPU.Build.0 = Release|Any CPU
		{0B493D42-003A-41AB-92F5-88A99860F306}.Release|x64.ActiveCfg = Release|Any CPU
		{0B493D42-003A-41AB-92F5-88A99860F306}.Release|x64.Build.0 = Release|Any CPU
		{4C29DBB6-3F75-403B-9AFA-F7DE73B6CD86}.Debug|Any CPU.ActiveCfg = Debug|Any CPU
		{4C29DBB6-3F75-403B-9AFA-F7DE73B6CD86}.Debug|Any CPU.Build.0 = Debug|Any CPU
		{4C29DBB6-3F75-403B-9AFA-F7DE73B6CD86}.Debug|x64.ActiveCfg = Debug|Any CPU
		{4C29DBB6-3F75-403B-9AFA-F7DE73B6CD86}.Debug|x64.Build.0 = Debug|Any CPU
		{4C29DBB6-3F75-403B-9AFA-F7DE73B6CD86}.Release|Any CPU.ActiveCfg = Release|Any CPU
		{4C29DBB6-3F75-403B-9AFA-F7DE73B6CD86}.Release|Any CPU.Build.0 = Release|Any CPU
		{4C29DBB6-3F75-403B-9AFA-F7DE73B6CD86}.Release|x64.ActiveCfg = Release|Any CPU
		{4C29DBB6-3F75-403B-9AFA-F7DE73B6CD86}.Release|x64.Build.0 = Release|Any CPU
		{A513115D-DF69-4F0E-9748-6F17DC6D4D4E}.Debug|Any CPU.ActiveCfg = Debug|Any CPU
		{A513115D-DF69-4F0E-9748-6F17DC6D4D4E}.Debug|Any CPU.Build.0 = Debug|Any CPU
		{A513115D-DF69-4F0E-9748-6F17DC6D4D4E}.Debug|x64.ActiveCfg = Debug|Any CPU
		{A513115D-DF69-4F0E-9748-6F17DC6D4D4E}.Debug|x64.Build.0 = Debug|Any CPU
		{A513115D-DF69-4F0E-9748-6F17DC6D4D4E}.Release|Any CPU.ActiveCfg = Release|Any CPU
		{A513115D-DF69-4F0E-9748-6F17DC6D4D4E}.Release|Any CPU.Build.0 = Release|Any CPU
		{A513115D-DF69-4F0E-9748-6F17DC6D4D4E}.Release|x64.ActiveCfg = Release|Any CPU
		{A513115D-DF69-4F0E-9748-6F17DC6D4D4E}.Release|x64.Build.0 = Release|Any CPU
		{8572CF1E-CAAF-4137-9C76-9C659263DB33}.Debug|Any CPU.ActiveCfg = Debug|Any CPU
		{8572CF1E-CAAF-4137-9C76-9C659263DB33}.Debug|Any CPU.Build.0 = Debug|Any CPU
		{8572CF1E-CAAF-4137-9C76-9C659263DB33}.Debug|x64.ActiveCfg = Debug|Any CPU
		{8572CF1E-CAAF-4137-9C76-9C659263DB33}.Debug|x64.Build.0 = Debug|Any CPU
		{8572CF1E-CAAF-4137-9C76-9C659263DB33}.Release|Any CPU.ActiveCfg = Release|Any CPU
		{8572CF1E-CAAF-4137-9C76-9C659263DB33}.Release|Any CPU.Build.0 = Release|Any CPU
		{8572CF1E-CAAF-4137-9C76-9C659263DB33}.Release|x64.ActiveCfg = Release|Any CPU
		{8572CF1E-CAAF-4137-9C76-9C659263DB33}.Release|x64.Build.0 = Release|Any CPU
		{78A7C96B-5445-4DC0-B1E1-10634C272F86}.Debug|Any CPU.ActiveCfg = Debug|Any CPU
		{78A7C96B-5445-4DC0-B1E1-10634C272F86}.Debug|Any CPU.Build.0 = Debug|Any CPU
		{78A7C96B-5445-4DC0-B1E1-10634C272F86}.Debug|x64.ActiveCfg = Debug|Any CPU
		{78A7C96B-5445-4DC0-B1E1-10634C272F86}.Debug|x64.Build.0 = Debug|Any CPU
		{78A7C96B-5445-4DC0-B1E1-10634C272F86}.Release|Any CPU.ActiveCfg = Release|Any CPU
		{78A7C96B-5445-4DC0-B1E1-10634C272F86}.Release|Any CPU.Build.0 = Release|Any CPU
		{78A7C96B-5445-4DC0-B1E1-10634C272F86}.Release|x64.ActiveCfg = Release|Any CPU
		{78A7C96B-5445-4DC0-B1E1-10634C272F86}.Release|x64.Build.0 = Release|Any CPU
		{38CB2E38-E242-4D1D-BD81-671AE542BE29}.Debug|Any CPU.ActiveCfg = Debug|Any CPU
		{38CB2E38-E242-4D1D-BD81-671AE542BE29}.Debug|Any CPU.Build.0 = Debug|Any CPU
		{38CB2E38-E242-4D1D-BD81-671AE542BE29}.Debug|x64.ActiveCfg = Debug|Any CPU
		{38CB2E38-E242-4D1D-BD81-671AE542BE29}.Debug|x64.Build.0 = Debug|Any CPU
		{38CB2E38-E242-4D1D-BD81-671AE542BE29}.Release|Any CPU.ActiveCfg = Release|Any CPU
		{38CB2E38-E242-4D1D-BD81-671AE542BE29}.Release|Any CPU.Build.0 = Release|Any CPU
		{38CB2E38-E242-4D1D-BD81-671AE542BE29}.Release|x64.ActiveCfg = Release|Any CPU
		{38CB2E38-E242-4D1D-BD81-671AE542BE29}.Release|x64.Build.0 = Release|Any CPU
		{5899B35D-A6E8-4D3E-BAEC-DB0C87C0A48F}.Debug|Any CPU.ActiveCfg = Debug|Any CPU
		{5899B35D-A6E8-4D3E-BAEC-DB0C87C0A48F}.Debug|Any CPU.Build.0 = Debug|Any CPU
		{5899B35D-A6E8-4D3E-BAEC-DB0C87C0A48F}.Debug|x64.ActiveCfg = Debug|Any CPU
		{5899B35D-A6E8-4D3E-BAEC-DB0C87C0A48F}.Debug|x64.Build.0 = Debug|Any CPU
		{5899B35D-A6E8-4D3E-BAEC-DB0C87C0A48F}.Release|Any CPU.ActiveCfg = Release|Any CPU
		{5899B35D-A6E8-4D3E-BAEC-DB0C87C0A48F}.Release|Any CPU.Build.0 = Release|Any CPU
		{5899B35D-A6E8-4D3E-BAEC-DB0C87C0A48F}.Release|x64.ActiveCfg = Release|Any CPU
		{5899B35D-A6E8-4D3E-BAEC-DB0C87C0A48F}.Release|x64.Build.0 = Release|Any CPU
		{F277058E-6DA1-435D-8339-42C9805E6275}.Debug|Any CPU.ActiveCfg = Debug|Any CPU
		{F277058E-6DA1-435D-8339-42C9805E6275}.Debug|Any CPU.Build.0 = Debug|Any CPU
		{F277058E-6DA1-435D-8339-42C9805E6275}.Debug|x64.ActiveCfg = Debug|Any CPU
		{F277058E-6DA1-435D-8339-42C9805E6275}.Debug|x64.Build.0 = Debug|Any CPU
		{F277058E-6DA1-435D-8339-42C9805E6275}.Release|Any CPU.ActiveCfg = Release|Any CPU
		{F277058E-6DA1-435D-8339-42C9805E6275}.Release|Any CPU.Build.0 = Release|Any CPU
		{F277058E-6DA1-435D-8339-42C9805E6275}.Release|x64.ActiveCfg = Release|Any CPU
		{F277058E-6DA1-435D-8339-42C9805E6275}.Release|x64.Build.0 = Release|Any CPU
		{FE01A495-18FA-4A11-B61A-98E08B775F58}.Debug|Any CPU.ActiveCfg = Debug|Any CPU
		{FE01A495-18FA-4A11-B61A-98E08B775F58}.Debug|Any CPU.Build.0 = Debug|Any CPU
		{FE01A495-18FA-4A11-B61A-98E08B775F58}.Debug|x64.ActiveCfg = Debug|Any CPU
		{FE01A495-18FA-4A11-B61A-98E08B775F58}.Debug|x64.Build.0 = Debug|Any CPU
		{FE01A495-18FA-4A11-B61A-98E08B775F58}.Release|Any CPU.ActiveCfg = Release|Any CPU
		{FE01A495-18FA-4A11-B61A-98E08B775F58}.Release|Any CPU.Build.0 = Release|Any CPU
		{FE01A495-18FA-4A11-B61A-98E08B775F58}.Release|x64.ActiveCfg = Release|Any CPU
		{FE01A495-18FA-4A11-B61A-98E08B775F58}.Release|x64.Build.0 = Release|Any CPU
		{338BC06B-8212-4185-8A6E-366B535BD395}.Debug|Any CPU.ActiveCfg = Debug|Any CPU
		{338BC06B-8212-4185-8A6E-366B535BD395}.Debug|Any CPU.Build.0 = Debug|Any CPU
		{338BC06B-8212-4185-8A6E-366B535BD395}.Debug|x64.ActiveCfg = Debug|Any CPU
		{338BC06B-8212-4185-8A6E-366B535BD395}.Debug|x64.Build.0 = Debug|Any CPU
		{338BC06B-8212-4185-8A6E-366B535BD395}.Release|Any CPU.ActiveCfg = Release|Any CPU
		{338BC06B-8212-4185-8A6E-366B535BD395}.Release|Any CPU.Build.0 = Release|Any CPU
		{338BC06B-8212-4185-8A6E-366B535BD395}.Release|x64.ActiveCfg = Release|Any CPU
		{338BC06B-8212-4185-8A6E-366B535BD395}.Release|x64.Build.0 = Release|Any CPU
		{8F71C1ED-3E14-4093-AE36-B35E52E46CE4}.Debug|Any CPU.ActiveCfg = Debug|Any CPU
		{8F71C1ED-3E14-4093-AE36-B35E52E46CE4}.Debug|Any CPU.Build.0 = Debug|Any CPU
		{8F71C1ED-3E14-4093-AE36-B35E52E46CE4}.Debug|x64.ActiveCfg = Debug|Any CPU
		{8F71C1ED-3E14-4093-AE36-B35E52E46CE4}.Debug|x64.Build.0 = Debug|Any CPU
		{8F71C1ED-3E14-4093-AE36-B35E52E46CE4}.Release|Any CPU.ActiveCfg = Release|Any CPU
		{8F71C1ED-3E14-4093-AE36-B35E52E46CE4}.Release|Any CPU.Build.0 = Release|Any CPU
		{8F71C1ED-3E14-4093-AE36-B35E52E46CE4}.Release|x64.ActiveCfg = Release|Any CPU
		{8F71C1ED-3E14-4093-AE36-B35E52E46CE4}.Release|x64.Build.0 = Release|Any CPU
	EndGlobalSection
	GlobalSection(SolutionProperties) = preSolution
		HideSolutionNode = FALSE
	EndGlobalSection
	GlobalSection(ExtensibilityGlobals) = postSolution
		SolutionGuid = {88A19474-D840-458F-814E-0870D8187E81}
	EndGlobalSection
EndGlobal
