
Microsoft Visual Studio Solution File, Format Version 12.00
# Visual Studio Version 17
VisualStudioVersion = 17.4.33205.214
MinimumVisualStudioVersion = 10.0.40219.1
Project("{FAE04EC0-301F-11D3-BF4B-00C04F79EFBC}") = "ApiAlarm", "ApiAlarm\ApiAlarm.csproj", "{F476616D-C645-4E1B-82E9-3A3B820C2932}"
EndProject
Project("{FAE04EC0-301F-11D3-BF4B-00C04F79EFBC}") = "Core", "Core\Core.csproj", "{0B493D42-003A-41AB-92F5-88A99860F306}"
EndProject
Project("{FAE04EC0-301F-11D3-BF4B-00C04F79EFBC}") = "ApiServerReceive", "ApiServerReceive\ApiServerReceive.csproj", "{4C29DBB6-3F75-403B-9AFA-F7DE73B6CD86}"
EndProject
Project("{FAE04EC0-301F-11D3-BF4B-00C04F79EFBC}") = "ApiADS", "ApiADS\ApiADS.csproj", "{A513115D-DF69-4F0E-9748-6F17DC6D4D4E}"
EndProject
Project("{FAE04EC0-301F-11D3-BF4B-00C04F79EFBC}") = "ApiCamera", "ApiCamera\ApiCamera.csproj", "{8572CF1E-CAAF-4137-9C76-9C659263DB33}"
EndProject
Project("{FAE04EC0-301F-11D3-BF4B-00C04F79EFBC}") = "ApiUser", "ApiUser\ApiUser.csproj", "{78A7C96B-5445-4DC0-B1E1-10634C272F86}"
EndProject
Project("{FAE04EC0-301F-11D3-BF4B-00C04F79EFBC}") = "ApiCameraAssign", "ApiCameraAssign\ApiCameraAssign.csproj", "{772EF029-B895-4B1D-8B81-F5B6F3F1C6C0}"
EndProject
Project("{FAE04EC0-301F-11D3-BF4B-00C04F79EFBC}") = "ApiIOT", "ApiIOT\ApiIOT.csproj", "{38CB2E38-E242-4D1D-BD81-671AE542BE29}"
EndProject
Project("{FAE04EC0-301F-11D3-BF4B-00C04F79EFBC}") = "ApiStationCycle", "ApiStationCycle\ApiStationCycle.csproj", "{5899B35D-A6E8-4D3E-BAEC-DB0C87C0A48F}"
EndProject
Global
	GlobalSection(SolutionConfigurationPlatforms) = preSolution
		Debug|Any CPU = Debug|Any CPU
		Release|Any CPU = Release|Any CPU
	EndGlobalSection
	GlobalSection(ProjectConfigurationPlatforms) = postSolution
		{F476616D-C645-4E1B-82E9-3A3B820C2932}.Debug|Any CPU.ActiveCfg = Debug|Any CPU
		{F476616D-C645-4E1B-82E9-3A3B820C2932}.Debug|Any CPU.Build.0 = Debug|Any CPU
		{F476616D-C645-4E1B-82E9-3A3B820C2932}.Release|Any CPU.ActiveCfg = Release|Any CPU
		{F476616D-C645-4E1B-82E9-3A3B820C2932}.Release|Any CPU.Build.0 = Release|Any CPU
		{0B493D42-003A-41AB-92F5-88A99860F306}.Debug|Any CPU.ActiveCfg = Debug|Any CPU
		{0B493D42-003A-41AB-92F5-88A99860F306}.Debug|Any CPU.Build.0 = Debug|Any CPU
		{0B493D42-003A-41AB-92F5-88A99860F306}.Release|Any CPU.ActiveCfg = Release|Any CPU
		{0B493D42-003A-41AB-92F5-88A99860F306}.Release|Any CPU.Build.0 = Release|Any CPU
		{4C29DBB6-3F75-403B-9AFA-F7DE73B6CD86}.Debug|Any CPU.ActiveCfg = Debug|Any CPU
		{4C29DBB6-3F75-403B-9AFA-F7DE73B6CD86}.Debug|Any CPU.Build.0 = Debug|Any CPU
		{4C29DBB6-3F75-403B-9AFA-F7DE73B6CD86}.Release|Any CPU.ActiveCfg = Release|Any CPU
		{4C29DBB6-3F75-403B-9AFA-F7DE73B6CD86}.Release|Any CPU.Build.0 = Release|Any CPU
		{A513115D-DF69-4F0E-9748-6F17DC6D4D4E}.Debug|Any CPU.ActiveCfg = Debug|Any CPU
		{A513115D-DF69-4F0E-9748-6F17DC6D4D4E}.Debug|Any CPU.Build.0 = Debug|Any CPU
		{A513115D-DF69-4F0E-9748-6F17DC6D4D4E}.Release|Any CPU.ActiveCfg = Release|Any CPU
		{A513115D-DF69-4F0E-9748-6F17DC6D4D4E}.Release|Any CPU.Build.0 = Release|Any CPU
		{8572CF1E-CAAF-4137-9C76-9C659263DB33}.Debug|Any CPU.ActiveCfg = Debug|Any CPU
		{8572CF1E-CAAF-4137-9C76-9C659263DB33}.Debug|Any CPU.Build.0 = Debug|Any CPU
		{8572CF1E-CAAF-4137-9C76-9C659263DB33}.Release|Any CPU.ActiveCfg = Release|Any CPU
		{8572CF1E-CAAF-4137-9C76-9C659263DB33}.Release|Any CPU.Build.0 = Release|Any CPU
		{78A7C96B-5445-4DC0-B1E1-10634C272F86}.Debug|Any CPU.ActiveCfg = Debug|Any CPU
		{78A7C96B-5445-4DC0-B1E1-10634C272F86}.Debug|Any CPU.Build.0 = Debug|Any CPU
		{78A7C96B-5445-4DC0-B1E1-10634C272F86}.Release|Any CPU.ActiveCfg = Release|Any CPU
		{78A7C96B-5445-4DC0-B1E1-10634C272F86}.Release|Any CPU.Build.0 = Release|Any CPU
		{772EF029-B895-4B1D-8B81-F5B6F3F1C6C0}.Debug|Any CPU.ActiveCfg = Debug|Any CPU
		{772EF029-B895-4B1D-8B81-F5B6F3F1C6C0}.Debug|Any CPU.Build.0 = Debug|Any CPU
		{772EF029-B895-4B1D-8B81-F5B6F3F1C6C0}.Release|Any CPU.ActiveCfg = Release|Any CPU
		{772EF029-B895-4B1D-8B81-F5B6F3F1C6C0}.Release|Any CPU.Build.0 = Release|Any CPU
		{38CB2E38-E242-4D1D-BD81-671AE542BE29}.Debug|Any CPU.ActiveCfg = Debug|Any CPU
		{38CB2E38-E242-4D1D-BD81-671AE542BE29}.Debug|Any CPU.Build.0 = Debug|Any CPU
		{38CB2E38-E242-4D1D-BD81-671AE542BE29}.Release|Any CPU.ActiveCfg = Release|Any CPU
		{38CB2E38-E242-4D1D-BD81-671AE542BE29}.Release|Any CPU.Build.0 = Release|Any CPU
		{5899B35D-A6E8-4D3E-BAEC-DB0C87C0A48F}.Debug|Any CPU.ActiveCfg = Debug|Any CPU
		{5899B35D-A6E8-4D3E-BAEC-DB0C87C0A48F}.Debug|Any CPU.Build.0 = Debug|Any CPU
		{5899B35D-A6E8-4D3E-BAEC-DB0C87C0A48F}.Release|Any CPU.ActiveCfg = Release|Any CPU
		{5899B35D-A6E8-4D3E-BAEC-DB0C87C0A48F}.Release|Any CPU.Build.0 = Release|Any CPU
	EndGlobalSection
	GlobalSection(SolutionProperties) = preSolution
		HideSolutionNode = FALSE
	EndGlobalSection
	GlobalSection(ExtensibilityGlobals) = postSolution
		SolutionGuid = {88A19474-D840-458F-814E-0870D8187E81}
	EndGlobalSection
EndGlobal
